
Microsoft Visual Studio Solution File, Format Version 12.00
# Visual Studio 15
VisualStudioVersion = 15.0.28010.2046
MinimumVisualStudioVersion = 10.0.40219.1
Project("{FAE04EC0-301F-11D3-BF4B-00C04F79EFBC}") = "Pulse.Base", "Pulse.Base\Pulse.Base.csproj", "{53B10354-56C0-4440-BBB2-F1F0C330E120}"
EndProject
Project("{2150E333-8FDC-42A3-9474-1A3956D46DE8}") = "Providers", "Providers", "{4956BC1F-65B2-490D-8023-BEAC6D5F8E8D}"
EndProject
Project("{FAE04EC0-301F-11D3-BF4B-00C04F79EFBC}") = "wallhaven", "Providers\wallbase\wallhaven.csproj", "{921F5326-5B28-462D-8220-3D3507438C27}"
EndProject
Project("{FAE04EC0-301F-11D3-BF4B-00C04F79EFBC}") = "GoogleImages", "Providers\GoogleImages\GoogleImages.csproj", "{B8F8BC9E-7C0C-46E8-A975-DAB86AD853A4}"
EndProject
Project("{2150E333-8FDC-42A3-9474-1A3956D46DE8}") = "Input", "Input", "{C42469DC-7D87-4BDF-84B8-3FF5316BBB72}"
EndProject
Project("{2150E333-8FDC-42A3-9474-1A3956D46DE8}") = "Output", "Output", "{A5762A8E-6988-4832-9606-DB53FE1635FC}"
EndProject
Project("{FAE04EC0-301F-11D3-BF4B-00C04F79EFBC}") = "LogonBackground", "Providers\LogonBackground\LogonBackground.csproj", "{1AF886CC-3BD0-4E02-AF67-5F7D6724B41E}"
EndProject
Project("{FAE04EC0-301F-11D3-BF4B-00C04F79EFBC}") = "LocalDirectory", "Providers\LocalDirectory\LocalDirectory.csproj", "{624D0297-58E5-4EA7-9FDC-8FA03E82770C}"
EndProject
Project("{FAE04EC0-301F-11D3-BF4B-00C04F79EFBC}") = "WallpaperSetter", "Providers\WallpaperSetter\WallpaperSetter.csproj", "{98DA7B97-746F-4148-9DDC-8F1BFDEACD86}"
EndProject
Project("{FAE04EC0-301F-11D3-BF4B-00C04F79EFBC}") = "AeroGlassChanger", "Providers\AeroGlassChanger\AeroGlassChanger.csproj", "{DE533383-3E9D-494B-855F-89A00E31AEEB}"
EndProject
Project("{FAE04EC0-301F-11D3-BF4B-00C04F79EFBC}") = "NASAAPOD", "Providers\NASAAPOD\NASAAPOD.csproj", "{F55894BE-FD6B-4C97-8C7E-520BB45D1094}"
EndProject
Project("{FAE04EC0-301F-11D3-BF4B-00C04F79EFBC}") = "NationalGeographicWallpapers", "Providers\NationalGeographicWallpapers\NationalGeographicWallpapers.csproj", "{9FCC0B58-0972-47BF-90CF-4BCEA840C49E}"
EndProject
Project("{FAE04EC0-301F-11D3-BF4B-00C04F79EFBC}") = "PulseForm", "PulseForm\PulseForm.csproj", "{9C42DE2A-4997-4F68-BD70-7350652DEC37}"
EndProject
Project("{FAE04EC0-301F-11D3-BF4B-00C04F79EFBC}") = "MediaRSSProvider", "Providers\MediaRSS\MediaRSSProvider.csproj", "{90B7DC3D-877E-4316-BE1F-9FA611E94D53}"
EndProject
Project("{FAE04EC0-301F-11D3-BF4B-00C04F79EFBC}") = "Piler", "Providers\Piler\Piler.csproj", "{750EF3AC-2191-42D1-9FB7-6301622F51B5}"
EndProject
Project("{2150E333-8FDC-42A3-9474-1A3956D46DE8}") = "Shared", "Shared", "{1E7B8D85-3542-446F-BAA5-87F67FE0183F}"
EndProject
Project("{FAE04EC0-301F-11D3-BF4B-00C04F79EFBC}") = "WinAPI", "Providers\WinAPI\WinAPI.csproj", "{B60087E5-76FE-462F-BDC2-BF25BB01F7E6}"
EndProject
Project("{2150E333-8FDC-42A3-9474-1A3956D46DE8}") = "References", "References", "{2DE0B04F-4F15-4FAC-83A0-88849593D557}"
	ProjectSection(SolutionItems) = preProject
		References\AppleScriptSlim.dll = References\AppleScriptSlim.dll
		References\AppleScriptSlim.pdb = References\AppleScriptSlim.pdb
		References\CodePlexNewReleaseChecker.dll = References\CodePlexNewReleaseChecker.dll
		References\CodePlexNewReleaseChecker.pdb = References\CodePlexNewReleaseChecker.pdb
	EndProjectSection
EndProject
Project("{2150E333-8FDC-42A3-9474-1A3956D46DE8}") = "Other", "Other", "{504B2B05-2EC4-4701-B4D0-66E277208FE8}"
EndProject
Project("{FAE04EC0-301F-11D3-BF4B-00C04F79EFBC}") = "Pulse.Forms.UI", "Pulse.Forms.UI\Pulse.Forms.UI.csproj", "{C24743C5-79A5-4549-B59B-50F4E9AA92DA}"
EndProject
Project("{FAE04EC0-301F-11D3-BF4B-00C04F79EFBC}") = "PulseMassDownloader", "PulseMassDownloader\PulseMassDownloader.csproj", "{F74B45BE-9966-41DD-83E9-AD4B271DB890}"
EndProject
Global
	GlobalSection(SolutionConfigurationPlatforms) = preSolution
		Debug|Any CPU = Debug|Any CPU
		Debug|Mixed Platforms = Debug|Mixed Platforms
		Debug|x86 = Debug|x86
		Release|Any CPU = Release|Any CPU
		Release|Mixed Platforms = Release|Mixed Platforms
		Release|x86 = Release|x86
	EndGlobalSection
	GlobalSection(ProjectConfigurationPlatforms) = postSolution
		{53B10354-56C0-4440-BBB2-F1F0C330E120}.Debug|Any CPU.ActiveCfg = Debug|Any CPU
		{53B10354-56C0-4440-BBB2-F1F0C330E120}.Debug|Any CPU.Build.0 = Debug|Any CPU
		{53B10354-56C0-4440-BBB2-F1F0C330E120}.Debug|Mixed Platforms.ActiveCfg = Debug|Any CPU
		{53B10354-56C0-4440-BBB2-F1F0C330E120}.Debug|Mixed Platforms.Build.0 = Debug|Any CPU
		{53B10354-56C0-4440-BBB2-F1F0C330E120}.Debug|x86.ActiveCfg = Debug|Any CPU
		{53B10354-56C0-4440-BBB2-F1F0C330E120}.Release|Any CPU.ActiveCfg = Release|Any CPU
		{53B10354-56C0-4440-BBB2-F1F0C330E120}.Release|Any CPU.Build.0 = Release|Any CPU
		{53B10354-56C0-4440-BBB2-F1F0C330E120}.Release|Mixed Platforms.ActiveCfg = Release|Any CPU
		{53B10354-56C0-4440-BBB2-F1F0C330E120}.Release|Mixed Platforms.Build.0 = Release|Any CPU
		{53B10354-56C0-4440-BBB2-F1F0C330E120}.Release|x86.ActiveCfg = Release|Any CPU
		{921F5326-5B28-462D-8220-3D3507438C27}.Debug|Any CPU.ActiveCfg = Debug|Any CPU
		{921F5326-5B28-462D-8220-3D3507438C27}.Debug|Any CPU.Build.0 = Debug|Any CPU
		{921F5326-5B28-462D-8220-3D3507438C27}.Debug|Mixed Platforms.ActiveCfg = Debug|Any CPU
		{921F5326-5B28-462D-8220-3D3507438C27}.Debug|Mixed Platforms.Build.0 = Debug|Any CPU
		{921F5326-5B28-462D-8220-3D3507438C27}.Debug|x86.ActiveCfg = Debug|Any CPU
		{921F5326-5B28-462D-8220-3D3507438C27}.Release|Any CPU.ActiveCfg = Release|Any CPU
		{921F5326-5B28-462D-8220-3D3507438C27}.Release|Any CPU.Build.0 = Release|Any CPU
		{921F5326-5B28-462D-8220-3D3507438C27}.Release|Mixed Platforms.ActiveCfg = Release|Any CPU
		{921F5326-5B28-462D-8220-3D3507438C27}.Release|Mixed Platforms.Build.0 = Release|Any CPU
		{921F5326-5B28-462D-8220-3D3507438C27}.Release|x86.ActiveCfg = Release|Any CPU
		{B8F8BC9E-7C0C-46E8-A975-DAB86AD853A4}.Debug|Any CPU.ActiveCfg = Debug|Any CPU
		{B8F8BC9E-7C0C-46E8-A975-DAB86AD853A4}.Debug|Any CPU.Build.0 = Debug|Any CPU
		{B8F8BC9E-7C0C-46E8-A975-DAB86AD853A4}.Debug|Mixed Platforms.ActiveCfg = Debug|Any CPU
		{B8F8BC9E-7C0C-46E8-A975-DAB86AD853A4}.Debug|Mixed Platforms.Build.0 = Debug|Any CPU
		{B8F8BC9E-7C0C-46E8-A975-DAB86AD853A4}.Debug|x86.ActiveCfg = Debug|Any CPU
		{B8F8BC9E-7C0C-46E8-A975-DAB86AD853A4}.Release|Any CPU.ActiveCfg = Release|Any CPU
		{B8F8BC9E-7C0C-46E8-A975-DAB86AD853A4}.Release|Any CPU.Build.0 = Release|Any CPU
		{B8F8BC9E-7C0C-46E8-A975-DAB86AD853A4}.Release|Mixed Platforms.ActiveCfg = Release|Any CPU
		{B8F8BC9E-7C0C-46E8-A975-DAB86AD853A4}.Release|Mixed Platforms.Build.0 = Release|Any CPU
		{B8F8BC9E-7C0C-46E8-A975-DAB86AD853A4}.Release|x86.ActiveCfg = Release|Any CPU
		{1AF886CC-3BD0-4E02-AF67-5F7D6724B41E}.Debug|Any CPU.ActiveCfg = Debug|x86
		{1AF886CC-3BD0-4E02-AF67-5F7D6724B41E}.Debug|Any CPU.Build.0 = Debug|x86
		{1AF886CC-3BD0-4E02-AF67-5F7D6724B41E}.Debug|Mixed Platforms.ActiveCfg = Debug|x86
		{1AF886CC-3BD0-4E02-AF67-5F7D6724B41E}.Debug|Mixed Platforms.Build.0 = Debug|x86
		{1AF886CC-3BD0-4E02-AF67-5F7D6724B41E}.Debug|x86.ActiveCfg = Debug|x86
		{1AF886CC-3BD0-4E02-AF67-5F7D6724B41E}.Debug|x86.Build.0 = Debug|x86
		{1AF886CC-3BD0-4E02-AF67-5F7D6724B41E}.Release|Any CPU.ActiveCfg = Release|x86
		{1AF886CC-3BD0-4E02-AF67-5F7D6724B41E}.Release|Any CPU.Build.0 = Release|x86
		{1AF886CC-3BD0-4E02-AF67-5F7D6724B41E}.Release|Mixed Platforms.ActiveCfg = Release|x86
		{1AF886CC-3BD0-4E02-AF67-5F7D6724B41E}.Release|Mixed Platforms.Build.0 = Release|x86
		{1AF886CC-3BD0-4E02-AF67-5F7D6724B41E}.Release|x86.ActiveCfg = Release|x86
		{1AF886CC-3BD0-4E02-AF67-5F7D6724B41E}.Release|x86.Build.0 = Release|x86
		{624D0297-58E5-4EA7-9FDC-8FA03E82770C}.Debug|Any CPU.ActiveCfg = Debug|Any CPU
		{624D0297-58E5-4EA7-9FDC-8FA03E82770C}.Debug|Any CPU.Build.0 = Debug|Any CPU
		{624D0297-58E5-4EA7-9FDC-8FA03E82770C}.Debug|Mixed Platforms.ActiveCfg = Debug|Any CPU
		{624D0297-58E5-4EA7-9FDC-8FA03E82770C}.Debug|Mixed Platforms.Build.0 = Debug|Any CPU
		{624D0297-58E5-4EA7-9FDC-8FA03E82770C}.Debug|x86.ActiveCfg = Debug|Any CPU
		{624D0297-58E5-4EA7-9FDC-8FA03E82770C}.Release|Any CPU.ActiveCfg = Release|Any CPU
		{624D0297-58E5-4EA7-9FDC-8FA03E82770C}.Release|Any CPU.Build.0 = Release|Any CPU
		{624D0297-58E5-4EA7-9FDC-8FA03E82770C}.Release|Mixed Platforms.ActiveCfg = Release|Any CPU
		{624D0297-58E5-4EA7-9FDC-8FA03E82770C}.Release|Mixed Platforms.Build.0 = Release|Any CPU
		{624D0297-58E5-4EA7-9FDC-8FA03E82770C}.Release|x86.ActiveCfg = Release|Any CPU
		{98DA7B97-746F-4148-9DDC-8F1BFDEACD86}.Debug|Any CPU.ActiveCfg = Debug|Any CPU
		{98DA7B97-746F-4148-9DDC-8F1BFDEACD86}.Debug|Any CPU.Build.0 = Debug|Any CPU
		{98DA7B97-746F-4148-9DDC-8F1BFDEACD86}.Debug|Mixed Platforms.ActiveCfg = Debug|Any CPU
		{98DA7B97-746F-4148-9DDC-8F1BFDEACD86}.Debug|Mixed Platforms.Build.0 = Debug|Any CPU
		{98DA7B97-746F-4148-9DDC-8F1BFDEACD86}.Debug|x86.ActiveCfg = Debug|Any CPU
		{98DA7B97-746F-4148-9DDC-8F1BFDEACD86}.Release|Any CPU.ActiveCfg = Release|Any CPU
		{98DA7B97-746F-4148-9DDC-8F1BFDEACD86}.Release|Any CPU.Build.0 = Release|Any CPU
		{98DA7B97-746F-4148-9DDC-8F1BFDEACD86}.Release|Mixed Platforms.ActiveCfg = Release|Any CPU
		{98DA7B97-746F-4148-9DDC-8F1BFDEACD86}.Release|Mixed Platforms.Build.0 = Release|Any CPU
		{98DA7B97-746F-4148-9DDC-8F1BFDEACD86}.Release|x86.ActiveCfg = Release|Any CPU
		{DE533383-3E9D-494B-855F-89A00E31AEEB}.Debug|Any CPU.ActiveCfg = Debug|Any CPU
		{DE533383-3E9D-494B-855F-89A00E31AEEB}.Debug|Any CPU.Build.0 = Debug|Any CPU
		{DE533383-3E9D-494B-855F-89A00E31AEEB}.Debug|Mixed Platforms.ActiveCfg = Debug|Any CPU
		{DE533383-3E9D-494B-855F-89A00E31AEEB}.Debug|Mixed Platforms.Build.0 = Debug|Any CPU
		{DE533383-3E9D-494B-855F-89A00E31AEEB}.Debug|x86.ActiveCfg = Debug|Any CPU
		{DE533383-3E9D-494B-855F-89A00E31AEEB}.Release|Any CPU.ActiveCfg = Release|Any CPU
		{DE533383-3E9D-494B-855F-89A00E31AEEB}.Release|Any CPU.Build.0 = Release|Any CPU
		{DE533383-3E9D-494B-855F-89A00E31AEEB}.Release|Mixed Platforms.ActiveCfg = Release|Any CPU
		{DE533383-3E9D-494B-855F-89A00E31AEEB}.Release|Mixed Platforms.Build.0 = Release|Any CPU
		{DE533383-3E9D-494B-855F-89A00E31AEEB}.Release|x86.ActiveCfg = Release|Any CPU
		{F55894BE-FD6B-4C97-8C7E-520BB45D1094}.Debug|Any CPU.ActiveCfg = Debug|Any CPU
		{F55894BE-FD6B-4C97-8C7E-520BB45D1094}.Debug|Any CPU.Build.0 = Debug|Any CPU
		{F55894BE-FD6B-4C97-8C7E-520BB45D1094}.Debug|Mixed Platforms.ActiveCfg = Debug|Any CPU
		{F55894BE-FD6B-4C97-8C7E-520BB45D1094}.Debug|Mixed Platforms.Build.0 = Debug|Any CPU
		{F55894BE-FD6B-4C97-8C7E-520BB45D1094}.Debug|x86.ActiveCfg = Debug|Any CPU
		{F55894BE-FD6B-4C97-8C7E-520BB45D1094}.Release|Any CPU.ActiveCfg = Release|Any CPU
		{F55894BE-FD6B-4C97-8C7E-520BB45D1094}.Release|Any CPU.Build.0 = Release|Any CPU
		{F55894BE-FD6B-4C97-8C7E-520BB45D1094}.Release|Mixed Platforms.ActiveCfg = Release|Any CPU
		{F55894BE-FD6B-4C97-8C7E-520BB45D1094}.Release|Mixed Platforms.Build.0 = Release|Any CPU
		{F55894BE-FD6B-4C97-8C7E-520BB45D1094}.Release|x86.ActiveCfg = Release|Any CPU
		{9FCC0B58-0972-47BF-90CF-4BCEA840C49E}.Debug|Any CPU.ActiveCfg = Debug|Any CPU
		{9FCC0B58-0972-47BF-90CF-4BCEA840C49E}.Debug|Any CPU.Build.0 = Debug|Any CPU
		{9FCC0B58-0972-47BF-90CF-4BCEA840C49E}.Debug|Mixed Platforms.ActiveCfg = Debug|Any CPU
		{9FCC0B58-0972-47BF-90CF-4BCEA840C49E}.Debug|Mixed Platforms.Build.0 = Debug|Any CPU
		{9FCC0B58-0972-47BF-90CF-4BCEA840C49E}.Debug|x86.ActiveCfg = Debug|Any CPU
		{9FCC0B58-0972-47BF-90CF-4BCEA840C49E}.Release|Any CPU.ActiveCfg = Release|Any CPU
		{9FCC0B58-0972-47BF-90CF-4BCEA840C49E}.Release|Any CPU.Build.0 = Release|Any CPU
		{9FCC0B58-0972-47BF-90CF-4BCEA840C49E}.Release|Mixed Platforms.ActiveCfg = Release|Any CPU
		{9FCC0B58-0972-47BF-90CF-4BCEA840C49E}.Release|Mixed Platforms.Build.0 = Release|Any CPU
		{9FCC0B58-0972-47BF-90CF-4BCEA840C49E}.Release|x86.ActiveCfg = Release|Any CPU
		{9C42DE2A-4997-4F68-BD70-7350652DEC37}.Debug|Any CPU.ActiveCfg = Debug|x86
		{9C42DE2A-4997-4F68-BD70-7350652DEC37}.Debug|Any CPU.Build.0 = Debug|x86
		{9C42DE2A-4997-4F68-BD70-7350652DEC37}.Debug|Mixed Platforms.ActiveCfg = Debug|x86
		{9C42DE2A-4997-4F68-BD70-7350652DEC37}.Debug|Mixed Platforms.Build.0 = Debug|x86
		{9C42DE2A-4997-4F68-BD70-7350652DEC37}.Debug|x86.ActiveCfg = Debug|x86
		{9C42DE2A-4997-4F68-BD70-7350652DEC37}.Debug|x86.Build.0 = Debug|x86
		{9C42DE2A-4997-4F68-BD70-7350652DEC37}.Release|Any CPU.ActiveCfg = Release|x86
		{9C42DE2A-4997-4F68-BD70-7350652DEC37}.Release|Any CPU.Build.0 = Release|x86
		{9C42DE2A-4997-4F68-BD70-7350652DEC37}.Release|Mixed Platforms.ActiveCfg = Release|x86
		{9C42DE2A-4997-4F68-BD70-7350652DEC37}.Release|Mixed Platforms.Build.0 = Release|x86
		{9C42DE2A-4997-4F68-BD70-7350652DEC37}.Release|x86.ActiveCfg = Release|x86
		{9C42DE2A-4997-4F68-BD70-7350652DEC37}.Release|x86.Build.0 = Release|x86
		{90B7DC3D-877E-4316-BE1F-9FA611E94D53}.Debug|Any CPU.ActiveCfg = Debug|Any CPU
		{90B7DC3D-877E-4316-BE1F-9FA611E94D53}.Debug|Any CPU.Build.0 = Debug|Any CPU
		{90B7DC3D-877E-4316-BE1F-9FA611E94D53}.Debug|Mixed Platforms.ActiveCfg = Debug|Any CPU
		{90B7DC3D-877E-4316-BE1F-9FA611E94D53}.Debug|Mixed Platforms.Build.0 = Debug|Any CPU
		{90B7DC3D-877E-4316-BE1F-9FA611E94D53}.Debug|x86.ActiveCfg = Debug|Any CPU
		{90B7DC3D-877E-4316-BE1F-9FA611E94D53}.Release|Any CPU.ActiveCfg = Release|Any CPU
		{90B7DC3D-877E-4316-BE1F-9FA611E94D53}.Release|Any CPU.Build.0 = Release|Any CPU
		{90B7DC3D-877E-4316-BE1F-9FA611E94D53}.Release|Mixed Platforms.ActiveCfg = Release|Any CPU
		{90B7DC3D-877E-4316-BE1F-9FA611E94D53}.Release|Mixed Platforms.Build.0 = Release|Any CPU
		{90B7DC3D-877E-4316-BE1F-9FA611E94D53}.Release|x86.ActiveCfg = Release|Any CPU
		{750EF3AC-2191-42D1-9FB7-6301622F51B5}.Debug|Any CPU.ActiveCfg = Debug|Any CPU
		{750EF3AC-2191-42D1-9FB7-6301622F51B5}.Debug|Any CPU.Build.0 = Debug|Any CPU
		{750EF3AC-2191-42D1-9FB7-6301622F51B5}.Debug|Mixed Platforms.ActiveCfg = Debug|Any CPU
		{750EF3AC-2191-42D1-9FB7-6301622F51B5}.Debug|Mixed Platforms.Build.0 = Debug|Any CPU
		{750EF3AC-2191-42D1-9FB7-6301622F51B5}.Debug|x86.ActiveCfg = Debug|Any CPU
		{750EF3AC-2191-42D1-9FB7-6301622F51B5}.Release|Any CPU.ActiveCfg = Release|Any CPU
		{750EF3AC-2191-42D1-9FB7-6301622F51B5}.Release|Any CPU.Build.0 = Release|Any CPU
		{750EF3AC-2191-42D1-9FB7-6301622F51B5}.Release|Mixed Platforms.ActiveCfg = Release|Any CPU
		{750EF3AC-2191-42D1-9FB7-6301622F51B5}.Release|Mixed Platforms.Build.0 = Release|Any CPU
		{750EF3AC-2191-42D1-9FB7-6301622F51B5}.Release|x86.ActiveCfg = Release|Any CPU
		{B60087E5-76FE-462F-BDC2-BF25BB01F7E6}.Debug|Any CPU.ActiveCfg = Debug|Any CPU
		{B60087E5-76FE-462F-BDC2-BF25BB01F7E6}.Debug|Any CPU.Build.0 = Debug|Any CPU
		{B60087E5-76FE-462F-BDC2-BF25BB01F7E6}.Debug|Mixed Platforms.ActiveCfg = Debug|Any CPU
		{B60087E5-76FE-462F-BDC2-BF25BB01F7E6}.Debug|Mixed Platforms.Build.0 = Debug|Any CPU
		{B60087E5-76FE-462F-BDC2-BF25BB01F7E6}.Debug|x86.ActiveCfg = Debug|Any CPU
		{B60087E5-76FE-462F-BDC2-BF25BB01F7E6}.Release|Any CPU.ActiveCfg = Release|Any CPU
		{B60087E5-76FE-462F-BDC2-BF25BB01F7E6}.Release|Any CPU.Build.0 = Release|Any CPU
		{B60087E5-76FE-462F-BDC2-BF25BB01F7E6}.Release|Mixed Platforms.ActiveCfg = Release|Any CPU
		{B60087E5-76FE-462F-BDC2-BF25BB01F7E6}.Release|Mixed Platforms.Build.0 = Release|Any CPU
		{B60087E5-76FE-462F-BDC2-BF25BB01F7E6}.Release|x86.ActiveCfg = Release|Any CPU
		{C24743C5-79A5-4549-B59B-50F4E9AA92DA}.Debug|Any CPU.ActiveCfg = Debug|Any CPU
		{C24743C5-79A5-4549-B59B-50F4E9AA92DA}.Debug|Any CPU.Build.0 = Debug|Any CPU
		{C24743C5-79A5-4549-B59B-50F4E9AA92DA}.Debug|Mixed Platforms.ActiveCfg = Debug|Any CPU
		{C24743C5-79A5-4549-B59B-50F4E9AA92DA}.Debug|Mixed Platforms.Build.0 = Debug|Any CPU
		{C24743C5-79A5-4549-B59B-50F4E9AA92DA}.Debug|x86.ActiveCfg = Debug|Any CPU
		{C24743C5-79A5-4549-B59B-50F4E9AA92DA}.Release|Any CPU.ActiveCfg = Release|Any CPU
		{C24743C5-79A5-4549-B59B-50F4E9AA92DA}.Release|Any CPU.Build.0 = Release|Any CPU
		{C24743C5-79A5-4549-B59B-50F4E9AA92DA}.Release|Mixed Platforms.ActiveCfg = Release|Any CPU
		{C24743C5-79A5-4549-B59B-50F4E9AA92DA}.Release|Mixed Platforms.Build.0 = Release|Any CPU
		{C24743C5-79A5-4549-B59B-50F4E9AA92DA}.Release|x86.ActiveCfg = Release|Any CPU
		{F74B45BE-9966-41DD-83E9-AD4B271DB890}.Debug|Any CPU.ActiveCfg = Debug|Any CPU
		{F74B45BE-9966-41DD-83E9-AD4B271DB890}.Debug|Any CPU.Build.0 = Debug|Any CPU
		{F74B45BE-9966-41DD-83E9-AD4B271DB890}.Debug|Mixed Platforms.ActiveCfg = Debug|Any CPU
		{F74B45BE-9966-41DD-83E9-AD4B271DB890}.Debug|Mixed Platforms.Build.0 = Debug|Any CPU
		{F74B45BE-9966-41DD-83E9-AD4B271DB890}.Debug|x86.ActiveCfg = Debug|Any CPU
		{F74B45BE-9966-41DD-83E9-AD4B271DB890}.Release|Any CPU.ActiveCfg = Release|Any CPU
		{F74B45BE-9966-41DD-83E9-AD4B271DB890}.Release|Any CPU.Build.0 = Release|Any CPU
		{F74B45BE-9966-41DD-83E9-AD4B271DB890}.Release|Mixed Platforms.ActiveCfg = Release|Any CPU
		{F74B45BE-9966-41DD-83E9-AD4B271DB890}.Release|Mixed Platforms.Build.0 = Release|Any CPU
		{F74B45BE-9966-41DD-83E9-AD4B271DB890}.Release|x86.ActiveCfg = Release|Any CPU
	EndGlobalSection
	GlobalSection(SolutionProperties) = preSolution
		HideSolutionNode = FALSE
	EndGlobalSection
	GlobalSection(NestedProjects) = preSolution
		{921F5326-5B28-462D-8220-3D3507438C27} = {C42469DC-7D87-4BDF-84B8-3FF5316BBB72}
		{B8F8BC9E-7C0C-46E8-A975-DAB86AD853A4} = {C42469DC-7D87-4BDF-84B8-3FF5316BBB72}
		{C42469DC-7D87-4BDF-84B8-3FF5316BBB72} = {4956BC1F-65B2-490D-8023-BEAC6D5F8E8D}
		{A5762A8E-6988-4832-9606-DB53FE1635FC} = {4956BC1F-65B2-490D-8023-BEAC6D5F8E8D}
		{1AF886CC-3BD0-4E02-AF67-5F7D6724B41E} = {A5762A8E-6988-4832-9606-DB53FE1635FC}
		{624D0297-58E5-4EA7-9FDC-8FA03E82770C} = {C42469DC-7D87-4BDF-84B8-3FF5316BBB72}
		{98DA7B97-746F-4148-9DDC-8F1BFDEACD86} = {A5762A8E-6988-4832-9606-DB53FE1635FC}
		{DE533383-3E9D-494B-855F-89A00E31AEEB} = {A5762A8E-6988-4832-9606-DB53FE1635FC}
		{F55894BE-FD6B-4C97-8C7E-520BB45D1094} = {C42469DC-7D87-4BDF-84B8-3FF5316BBB72}
		{9FCC0B58-0972-47BF-90CF-4BCEA840C49E} = {C42469DC-7D87-4BDF-84B8-3FF5316BBB72}
		{90B7DC3D-877E-4316-BE1F-9FA611E94D53} = {C42469DC-7D87-4BDF-84B8-3FF5316BBB72}
		{750EF3AC-2191-42D1-9FB7-6301622F51B5} = {A5762A8E-6988-4832-9606-DB53FE1635FC}
		{1E7B8D85-3542-446F-BAA5-87F67FE0183F} = {4956BC1F-65B2-490D-8023-BEAC6D5F8E8D}
		{B60087E5-76FE-462F-BDC2-BF25BB01F7E6} = {1E7B8D85-3542-446F-BAA5-87F67FE0183F}
		{504B2B05-2EC4-4701-B4D0-66E277208FE8} = {4956BC1F-65B2-490D-8023-BEAC6D5F8E8D}
	EndGlobalSection
	GlobalSection(ExtensibilityGlobals) = postSolution
		SolutionGuid = {0F797940-DBEE-48DB-A9D3-01978BE4CDC4}
	EndGlobalSection
EndGlobal
